
Microsoft Visual Studio Solution File, Format Version 12.00
# Visual Studio Version 17
VisualStudioVersion = 17.14.36301.6 d17.14
MinimumVisualStudioVersion = 10.0.40219.1
Project("{FAE04EC0-301F-11D3-BF4B-00C04F79EFBC}") = "TTSSpeachSDKWSS", "TTSSpeachSDKWSS\TTSSpeachSDKWSS.csproj", "{8CEF5147-3C28-448B-912A-2C25D1E65F67}"
EndProject
Global
	GlobalSection(SolutionConfigurationPlatforms) = preSolution
		Debug|Any CPU = Debug|Any CPU
		Release|Any CPU = Release|Any CPU
	EndGlobalSection
	GlobalSection(ProjectConfigurationPlatforms) = postSolution
		{8CEF5147-3C28-448B-912A-2C25D1E65F67}.Debug|Any CPU.ActiveCfg = Debug|Any CPU
		{8CEF5147-3C28-448B-912A-2C25D1E65F67}.Debug|Any CPU.Build.0 = Debug|Any CPU
		{8CEF5147-3C28-448B-912A-2C25D1E65F67}.Release|Any CPU.ActiveCfg = Release|Any CPU
		{8CEF5147-3C28-448B-912A-2C25D1E65F67}.Release|Any CPU.Build.0 = Release|Any CPU
	EndGlobalSection
	GlobalSection(SolutionProperties) = preSolution
		HideSolutionNode = FALSE
	EndGlobalSection
	GlobalSection(ExtensibilityGlobals) = postSolution
		SolutionGuid = {8BC1BC6A-79CD-4D7C-BB72-A3DB55C0C7CA}
	EndGlobalSection
EndGlobal
